
Microsoft Visual Studio Solution File, Format Version 12.00
# Visual Studio Version 17
VisualStudioVersion = 17.4.33403.182
MinimumVisualStudioVersion = 10.0.40219.1
Project("{FAE04EC0-301F-11D3-BF4B-00C04F79EFBC}") = "GeometricShape", "GeometricShape\GeometricShape.csproj", "{34AEF650-FFF6-4330-8056-9E25A3FEB259}"
EndProject
Global
	GlobalSection(SolutionConfigurationPlatforms) = preSolution
		Debug|Any CPU = Debug|Any CPU
		Release|Any CPU = Release|Any CPU
	EndGlobalSection
	GlobalSection(ProjectConfigurationPlatforms) = postSolution
		{34AEF650-FFF6-4330-8056-9E25A3FEB259}.Debug|Any CPU.ActiveCfg = Debug|Any CPU
		{34AEF650-FFF6-4330-8056-9E25A3FEB259}.Debug|Any CPU.Build.0 = Debug|Any CPU
		{34AEF650-FFF6-4330-8056-9E25A3FEB259}.Release|Any CPU.ActiveCfg = Release|Any CPU
		{34AEF650-FFF6-4330-8056-9E25A3FEB259}.Release|Any CPU.Build.0 = Release|Any CPU
	EndGlobalSection
	GlobalSection(SolutionProperties) = preSolution
		HideSolutionNode = FALSE
	EndGlobalSection
	GlobalSection(ExtensibilityGlobals) = postSolution
		SolutionGuid = {01C0852A-1034-48F3-80EF-E2105E071571}
	EndGlobalSection
EndGlobal
